
Microsoft Visual Studio Solution File, Format Version 12.00
# Visual Studio 15
VisualStudioVersion = 15.0.26430.12
MinimumVisualStudioVersion = 10.0.40219.1
Project("{FAE04EC0-301F-11D3-BF4B-00C04F79EFBC}") = "TerrariaPatcher", "TerrariaPatcher\TerrariaPatcher.csproj", "{FBFE00F4-EFAC-40C5-B59A-B88B6A1B09BC}"
EndProject
Global
	GlobalSection(SolutionConfigurationPlatforms) = preSolution
		Debug|Any CPU = Debug|Any CPU
		Release|Any CPU = Release|Any CPU
	EndGlobalSection
	GlobalSection(ProjectConfigurationPlatforms) = postSolution
		{FBFE00F4-EFAC-40C5-B59A-B88B6A1B09BC}.Debug|Any CPU.ActiveCfg = Debug|Any CPU
		{FBFE00F4-EFAC-40C5-B59A-B88B6A1B09BC}.Debug|Any CPU.Build.0 = Debug|Any CPU
		{FBFE00F4-EFAC-40C5-B59A-B88B6A1B09BC}.Release|Any CPU.ActiveCfg = Release|Any CPU
		{FBFE00F4-EFAC-40C5-B59A-B88B6A1B09BC}.Release|Any CPU.Build.0 = Release|Any CPU
	EndGlobalSection
	GlobalSection(SolutionProperties) = preSolution
		HideSolutionNode = FALSE
	EndGlobalSection
EndGlobal
